// !$*UTF8*$!
{
	archiveVersion = 1;
	classes = {
	};
	objectVersion = 55;
	objects = {

/* Begin PBXBuildFile section */
		767A8506270AF9EE003C7A43 /* AppDelegate.swift in Sources */ = {isa = PBXBuildFile; fileRef = 767A8505270AF9EE003C7A43 /* AppDelegate.swift */; };
		767A8508270AF9EE003C7A43 /* SceneDelegate.swift in Sources */ = {isa = PBXBuildFile; fileRef = 767A8507270AF9EE003C7A43 /* SceneDelegate.swift */; };
		767A850A270AF9EE003C7A43 /* ViewController.swift in Sources */ = {isa = PBXBuildFile; fileRef = 767A8509270AF9EE003C7A43 /* ViewController.swift */; };
		767A850D270AF9EE003C7A43 /* Main.storyboard in Resources */ = {isa = PBXBuildFile; fileRef = 767A850B270AF9EE003C7A43 /* Main.storyboard */; };
		767A850F270AF9F1003C7A43 /* Assets.xcassets in Resources */ = {isa = PBXBuildFile; fileRef = 767A850E270AF9F1003C7A43 /* Assets.xcassets */; };
		767A8512270AF9F1003C7A43 /* LaunchScreen.storyboard in Resources */ = {isa = PBXBuildFile; fileRef = 767A8510270AF9F1003C7A43 /* LaunchScreen.storyboard */; };
		767A851D270AF9F1003C7A43 /* BearShopTests.swift in Sources */ = {isa = PBXBuildFile; fileRef = 767A851C270AF9F1003C7A43 /* BearShopTests.swift */; };
		767A8527270AF9F1003C7A43 /* BearShopUITests.swift in Sources */ = {isa = PBXBuildFile; fileRef = 767A8526270AF9F1003C7A43 /* BearShopUITests.swift */; };
		767A8529270AF9F1003C7A43 /* BearShopUITestsLaunchTests.swift in Sources */ = {isa = PBXBuildFile; fileRef = 767A8528270AF9F1003C7A43 /* BearShopUITestsLaunchTests.swift */; };
/* End PBXBuildFile section */

/* Begin PBXContainerItemProxy section */
		767A8519270AF9F1003C7A43 /* PBXContainerItemProxy */ = {
			isa = PBXContainerItemProxy;
			containerPortal = 767A84FA270AF9EE003C7A43 /* Project object */;
			proxyType = 1;
			remoteGlobalIDString = 767A8501270AF9EE003C7A43;
			remoteInfo = BearShop;
		};
		767A8523270AF9F1003C7A43 /* PBXContainerItemProxy */ = {
			isa = PBXContainerItemProxy;
			containerPortal = 767A84FA270AF9EE003C7A43 /* Project object */;
			proxyType = 1;
			remoteGlobalIDString = 767A8501270AF9EE003C7A43;
			remoteInfo = BearShop;
		};
/* End PBXContainerItemProxy section */

/* Begin PBXFileReference section */
		767A8502270AF9EE003C7A43 /* BearShop.app */ = {isa = PBXFileReference; explicitFileType = wrapper.application; includeInIndex = 0; path = BearShop.app; sourceTree = BUILT_PRODUCTS_DIR; };
		767A8505270AF9EE003C7A43 /* AppDelegate.swift */ = {isa = PBXFileReference; lastKnownFileType = sourcecode.swift; path = AppDelegate.swift; sourceTree = "<group>"; };
		767A8507270AF9EE003C7A43 /* SceneDelegate.swift */ = {isa = PBXFileReference; lastKnownFileType = sourcecode.swift; path = SceneDelegate.swift; sourceTree = "<group>"; };
		767A8509270AF9EE003C7A43 /* ViewController.swift */ = {isa = PBXFileReference; lastKnownFileType = sourcecode.swift; path = ViewController.swift; sourceTree = "<group>"; };
		767A850C270AF9EE003C7A43 /* Base */ = {isa = PBXFileReference; lastKnownFileType = file.storyboard; name = Base; path = Base.lproj/Main.storyboard; sourceTree = "<group>"; };
		767A850E270AF9F1003C7A43 /* Assets.xcassets */ = {isa = PBXFileReference; lastKnownFileType = folder.assetcatalog; path = Assets.xcassets; sourceTree = "<group>"; };
		767A8511270AF9F1003C7A43 /* Base */ = {isa = PBXFileReference; lastKnownFileType = file.storyboard; name = Base; path = Base.lproj/LaunchScreen.storyboard; sourceTree = "<group>"; };
		767A8513270AF9F1003C7A43 /* Info.plist */ = {isa = PBXFileReference; lastKnownFileType = text.plist.xml; path = Info.plist; sourceTree = "<group>"; };
		767A8518270AF9F1003C7A43 /* BearShopTests.xctest */ = {isa = PBXFileReference; explicitFileType = wrapper.cfbundle; includeInIndex = 0; path = BearShopTests.xctest; sourceTree = BUILT_PRODUCTS_DIR; };
		767A851C270AF9F1003C7A43 /* BearShopTests.swift */ = {isa = PBXFileReference; lastKnownFileType = sourcecode.swift; path = BearShopTests.swift; sourceTree = "<group>"; };
		767A8522270AF9F1003C7A43 /* BearShopUITests.xctest */ = {isa = PBXFileReference; explicitFileType = wrapper.cfbundle; includeInIndex = 0; path = BearShopUITests.xctest; sourceTree = BUILT_PRODUCTS_DIR; };
		767A8526270AF9F1003C7A43 /* BearShopUITests.swift */ = {isa = PBXFileReference; lastKnownFileType = sourcecode.swift; path = BearShopUITests.swift; sourceTree = "<group>"; };
		767A8528270AF9F1003C7A43 /* BearShopUITestsLaunchTests.swift */ = {isa = PBXFileReference; lastKnownFileType = sourcecode.swift; path = BearShopUITestsLaunchTests.swift; sourceTree = "<group>"; };
/* End PBXFileReference section */

/* Begin PBXFrameworksBuildPhase section */
		767A84FF270AF9EE003C7A43 /* Frameworks */ = {
			isa = PBXFrameworksBuildPhase;
			buildActionMask = 2147483647;
			files = (
			);
			runOnlyForDeploymentPostprocessing = 0;
		};
		767A8515270AF9F1003C7A43 /* Frameworks */ = {
			isa = PBXFrameworksBuildPhase;
			buildActionMask = 2147483647;
			files = (
			);
			runOnlyForDeploymentPostprocessing = 0;
		};
		767A851F270AF9F1003C7A43 /* Frameworks */ = {
			isa = PBXFrameworksBuildPhase;
			buildActionMask = 2147483647;
			files = (
			);
			runOnlyForDeploymentPostprocessing = 0;
		};
/* End PBXFrameworksBuildPhase section */

/* Begin PBXGroup section */
		767A84F9270AF9EE003C7A43 = {
			isa = PBXGroup;
			children = (
				767A8504270AF9EE003C7A43 /* BearShop */,
				767A851B270AF9F1003C7A43 /* BearShopTests */,
				767A8525270AF9F1003C7A43 /* BearShopUITests */,
				767A8503270AF9EE003C7A43 /* Products */,
			);
			sourceTree = "<group>";
		};
		767A8503270AF9EE003C7A43 /* Products */ = {
			isa = PBXGroup;
			children = (
				767A8502270AF9EE003C7A43 /* BearShop.app */,
				767A8518270AF9F1003C7A43 /* BearShopTests.xctest */,
				767A8522270AF9F1003C7A43 /* BearShopUITests.xctest */,
			);
			name = Products;
			sourceTree = "<group>";
		};
		767A8504270AF9EE003C7A43 /* BearShop */ = {
			isa = PBXGroup;
			children = (
				767A8505270AF9EE003C7A43 /* AppDelegate.swift */,
				767A8507270AF9EE003C7A43 /* SceneDelegate.swift */,
				767A8509270AF9EE003C7A43 /* ViewController.swift */,
				767A850B270AF9EE003C7A43 /* Main.storyboard */,
				767A850E270AF9F1003C7A43 /* Assets.xcassets */,
				767A8510270AF9F1003C7A43 /* LaunchScreen.storyboard */,
				767A8513270AF9F1003C7A43 /* Info.plist */,
			);
			path = BearShop;
			sourceTree = "<group>";
		};
		767A851B270AF9F1003C7A43 /* BearShopTests */ = {
			isa = PBXGroup;
			children = (
				767A851C270AF9F1003C7A43 /* BearShopTests.swift */,
			);
			path = BearShopTests;
			sourceTree = "<group>";
		};
		767A8525270AF9F1003C7A43 /* BearShopUITests */ = {
			isa = PBXGroup;
			children = (
				767A8526270AF9F1003C7A43 /* BearShopUITests.swift */,
				767A8528270AF9F1003C7A43 /* BearShopUITestsLaunchTests.swift */,
			);
			path = BearShopUITests;
			sourceTree = "<group>";
		};
/* End PBXGroup section */

/* Begin PBXNativeTarget section */
		767A8501270AF9EE003C7A43 /* BearShop */ = {
			isa = PBXNativeTarget;
			buildConfigurationList = 767A852C270AF9F1003C7A43 /* Build configuration list for PBXNativeTarget "BearShop" */;
			buildPhases = (
				767A84FE270AF9EE003C7A43 /* Sources */,
				767A84FF270AF9EE003C7A43 /* Frameworks */,
				767A8500270AF9EE003C7A43 /* Resources */,
			);
			buildRules = (
			);
			dependencies = (
			);
			name = BearShop;
			productName = BearShop;
			productReference = 767A8502270AF9EE003C7A43 /* BearShop.app */;
			productType = "com.apple.product-type.application";
		};
		767A8517270AF9F1003C7A43 /* BearShopTests */ = {
			isa = PBXNativeTarget;
			buildConfigurationList = 767A852F270AF9F1003C7A43 /* Build configuration list for PBXNativeTarget "BearShopTests" */;
			buildPhases = (
				767A8514270AF9F1003C7A43 /* Sources */,
				767A8515270AF9F1003C7A43 /* Frameworks */,
				767A8516270AF9F1003C7A43 /* Resources */,
			);
			buildRules = (
			);
			dependencies = (
				767A851A270AF9F1003C7A43 /* PBXTargetDependency */,
			);
			name = BearShopTests;
			productName = BearShopTests;
			productReference = 767A8518270AF9F1003C7A43 /* BearShopTests.xctest */;
			productType = "com.apple.product-type.bundle.unit-test";
		};
		767A8521270AF9F1003C7A43 /* BearShopUITests */ = {
			isa = PBXNativeTarget;
			buildConfigurationList = 767A8532270AF9F1003C7A43 /* Build configuration list for PBXNativeTarget "BearShopUITests" */;
			buildPhases = (
				767A851E270AF9F1003C7A43 /* Sources */,
				767A851F270AF9F1003C7A43 /* Frameworks */,
				767A8520270AF9F1003C7A43 /* Resources */,
			);
			buildRules = (
			);
			dependencies = (
				767A8524270AF9F1003C7A43 /* PBXTargetDependency */,
			);
			name = BearShopUITests;
			productName = BearShopUITests;
			productReference = 767A8522270AF9F1003C7A43 /* BearShopUITests.xctest */;
			productType = "com.apple.product-type.bundle.ui-testing";
		};
/* End PBXNativeTarget section */

/* Begin PBXProject section */
		767A84FA270AF9EE003C7A43 /* Project object */ = {
			isa = PBXProject;
			attributes = {
				BuildIndependentTargetsInParallel = 1;
				LastSwiftUpdateCheck = 1300;
				LastUpgradeCheck = 1300;
				TargetAttributes = {
					767A8501270AF9EE003C7A43 = {
						CreatedOnToolsVersion = 13.0;
					};
					767A8517270AF9F1003C7A43 = {
						CreatedOnToolsVersion = 13.0;
						TestTargetID = 767A8501270AF9EE003C7A43;
					};
					767A8521270AF9F1003C7A43 = {
						CreatedOnToolsVersion = 13.0;
						TestTargetID = 767A8501270AF9EE003C7A43;
					};
				};
			};
			buildConfigurationList = 767A84FD270AF9EE003C7A43 /* Build configuration list for PBXProject "BearShop" */;
			compatibilityVersion = "Xcode 13.0";
			developmentRegion = en;
			hasScannedForEncodings = 0;
			knownRegions = (
				en,
				Base,
			);
			mainGroup = 767A84F9270AF9EE003C7A43;
			productRefGroup = 767A8503270AF9EE003C7A43 /* Products */;
			projectDirPath = "";
			projectRoot = "";
			targets = (
				767A8501270AF9EE003C7A43 /* BearShop */,
				767A8517270AF9F1003C7A43 /* BearShopTests */,
				767A8521270AF9F1003C7A43 /* BearShopUITests */,
			);
		};
/* End PBXProject section */

/* Begin PBXResourcesBuildPhase section */
		767A8500270AF9EE003C7A43 /* Resources */ = {
			isa = PBXResourcesBuildPhase;
			buildActionMask = 2147483647;
			files = (
				767A8512270AF9F1003C7A43 /* LaunchScreen.storyboard in Resources */,
				767A850F270AF9F1003C7A43 /* Assets.xcassets in Resources */,
				767A850D270AF9EE003C7A43 /* Main.storyboard in Resources */,
			);
			runOnlyForDeploymentPostprocessing = 0;
		};
		767A8516270AF9F1003C7A43 /* Resources */ = {
			isa = PBXResourcesBuildPhase;
			buildActionMask = 2147483647;
			files = (
			);
			runOnlyForDeploymentPostprocessing = 0;
		};
		767A8520270AF9F1003C7A43 /* Resources */ = {
			isa = PBXResourcesBuildPhase;
			buildActionMask = 2147483647;
			files = (
			);
			runOnlyForDeploymentPostprocessing = 0;
		};
/* End PBXResourcesBuildPhase section */

/* Begin PBXSourcesBuildPhase section */
		767A84FE270AF9EE003C7A43 /* Sources */ = {
			isa = PBXSourcesBuildPhase;
			buildActionMask = 2147483647;
			files = (
				767A850A270AF9EE003C7A43 /* ViewController.swift in Sources */,
				767A8506270AF9EE003C7A43 /* AppDelegate.swift in Sources */,
				767A8508270AF9EE003C7A43 /* SceneDelegate.swift in Sources */,
			);
			runOnlyForDeploymentPostprocessing = 0;
		};
		767A8514270AF9F1003C7A43 /* Sources */ = {
			isa = PBXSourcesBuildPhase;
			buildActionMask = 2147483647;
			files = (
				767A851D270AF9F1003C7A43 /* BearShopTests.swift in Sources */,
			);
			runOnlyForDeploymentPostprocessing = 0;
		};
		767A851E270AF9F1003C7A43 /* Sources */ = {
			isa = PBXSourcesBuildPhase;
			buildActionMask = 2147483647;
			files = (
				767A8529270AF9F1003C7A43 /* BearShopUITestsLaunchTests.swift in Sources */,
				767A8527270AF9F1003C7A43 /* BearShopUITests.swift in Sources */,
			);
			runOnlyForDeploymentPostprocessing = 0;
		};
/* End PBXSourcesBuildPhase section */

/* Begin PBXTargetDependency section */
		767A851A270AF9F1003C7A43 /* PBXTargetDependency */ = {
			isa = PBXTargetDependency;
			target = 767A8501270AF9EE003C7A43 /* BearShop */;
			targetProxy = 767A8519270AF9F1003C7A43 /* PBXContainerItemProxy */;
		};
		767A8524270AF9F1003C7A43 /* PBXTargetDependency */ = {
			isa = PBXTargetDependency;
			target = 767A8501270AF9EE003C7A43 /* BearShop */;
			targetProxy = 767A8523270AF9F1003C7A43 /* PBXContainerItemProxy */;
		};
/* End PBXTargetDependency section */

/* Begin PBXVariantGroup section */
		767A850B270AF9EE003C7A43 /* Main.storyboard */ = {
			isa = PBXVariantGroup;
			children = (
				767A850C270AF9EE003C7A43 /* Base */,
			);
			name = Main.storyboard;
			sourceTree = "<group>";
		};
		767A8510270AF9F1003C7A43 /* LaunchScreen.storyboard */ = {
			isa = PBXVariantGroup;
			children = (
				767A8511270AF9F1003C7A43 /* Base */,
			);
			name = LaunchScreen.storyboard;
			sourceTree = "<group>";
		};
/* End PBXVariantGroup section */

/* Begin XCBuildConfiguration section */
		767A852A270AF9F1003C7A43 /* Debug */ = {
			isa = XCBuildConfiguration;
			buildSettings = {
				ALWAYS_SEARCH_USER_PATHS = NO;
				CLANG_ANALYZER_NONNULL = YES;
				CLANG_ANALYZER_NUMBER_OBJECT_CONVERSION = YES_AGGRESSIVE;
				CLANG_CXX_LANGUAGE_STANDARD = "gnu++17";
				CLANG_CXX_LIBRARY = "libc++";
				CLANG_ENABLE_MODULES = YES;
				CLANG_ENABLE_OBJC_ARC = YES;
				CLANG_ENABLE_OBJC_WEAK = YES;
				CLANG_WARN_BLOCK_CAPTURE_AUTORELEASING = YES;
				CLANG_WARN_BOOL_CONVERSION = YES;
				CLANG_WARN_COMMA = YES;
				CLANG_WARN_CONSTANT_CONVERSION = YES;
				CLANG_WARN_DEPRECATED_OBJC_IMPLEMENTATIONS = YES;
				CLANG_WARN_DIRECT_OBJC_ISA_USAGE = YES_ERROR;
				CLANG_WARN_DOCUMENTATION_COMMENTS = YES;
				CLANG_WARN_EMPTY_BODY = YES;
				CLANG_WARN_ENUM_CONVERSION = YES;
				CLANG_WARN_INFINITE_RECURSION = YES;
				CLANG_WARN_INT_CONVERSION = YES;
				CLANG_WARN_NON_LITERAL_NULL_CONVERSION = YES;
				CLANG_WARN_OBJC_IMPLICIT_RETAIN_SELF = YES;
				CLANG_WARN_OBJC_LITERAL_CONVERSION = YES;
				CLANG_WARN_OBJC_ROOT_CLASS = YES_ERROR;
				CLANG_WARN_QUOTED_INCLUDE_IN_FRAMEWORK_HEADER = YES;
				CLANG_WARN_RANGE_LOOP_ANALYSIS = YES;
				CLANG_WARN_STRICT_PROTOTYPES = YES;
				CLANG_WARN_SUSPICIOUS_MOVE = YES;
				CLANG_WARN_UNGUARDED_AVAILABILITY = YES_AGGRESSIVE;
				CLANG_WARN_UNREACHABLE_CODE = YES;
				CLANG_WARN__DUPLICATE_METHOD_MATCH = YES;
				COPY_PHASE_STRIP = NO;
				DEBUG_INFORMATION_FORMAT = dwarf;
				ENABLE_STRICT_OBJC_MSGSEND = YES;
				ENABLE_TESTABILITY = YES;
				GCC_C_LANGUAGE_STANDARD = gnu11;
				GCC_DYNAMIC_NO_PIC = NO;
				GCC_NO_COMMON_BLOCKS = YES;
				GCC_OPTIMIZATION_LEVEL = 0;
				GCC_PREPROCESSOR_DEFINITIONS = (
					"DEBUG=1",
					"$(inherited)",
				);
				GCC_WARN_64_TO_32_BIT_CONVERSION = YES;
				GCC_WARN_ABOUT_RETURN_TYPE = YES_ERROR;
				GCC_WARN_UNDECLARED_SELECTOR = YES;
				GCC_WARN_UNINITIALIZED_AUTOS = YES_AGGRESSIVE;
				GCC_WARN_UNUSED_FUNCTION = YES;
				GCC_WARN_UNUSED_VARIABLE = YES;
				IPHONEOS_DEPLOYMENT_TARGET = 15.0;
				MTL_ENABLE_DEBUG_INFO = INCLUDE_SOURCE;
				MTL_FAST_MATH = YES;
				ONLY_ACTIVE_ARCH = YES;
				SDKROOT = iphoneos;
				SWIFT_ACTIVE_COMPILATION_CONDITIONS = DEBUG;
				SWIFT_OPTIMIZATION_LEVEL = "-Onone";
			};
			name = Debug;
		};
		767A852B270AF9F1003C7A43 /* Release */ = {
			isa = XCBuildConfiguration;
			buildSettings = {
				ALWAYS_SEARCH_USER_PATHS = NO;
				CLANG_ANALYZER_NONNULL = YES;
				CLANG_ANALYZER_NUMBER_OBJECT_CONVERSION = YES_AGGRESSIVE;
				CLANG_CXX_LANGUAGE_STANDARD = "gnu++17";
				CLANG_CXX_LIBRARY = "libc++";
				CLANG_ENABLE_MODULES = YES;
				CLANG_ENABLE_OBJC_ARC = YES;
				CLANG_ENABLE_OBJC_WEAK = YES;
				CLANG_WARN_BLOCK_CAPTURE_AUTORELEASING = YES;
				CLANG_WARN_BOOL_CONVERSION = YES;
				CLANG_WARN_COMMA = YES;
				CLANG_WARN_CONSTANT_CONVERSION = YES;
				CLANG_WARN_DEPRECATED_OBJC_IMPLEMENTATIONS = YES;
				CLANG_WARN_DIRECT_OBJC_ISA_USAGE = YES_ERROR;
				CLANG_WARN_DOCUMENTATION_COMMENTS = YES;
				CLANG_WARN_EMPTY_BODY = YES;
				CLANG_WARN_ENUM_CONVERSION = YES;
				CLANG_WARN_INFINITE_RECURSION = YES;
				CLANG_WARN_INT_CONVERSION = YES;
				CLANG_WARN_NON_LITERAL_NULL_CONVERSION = YES;
				CLANG_WARN_OBJC_IMPLICIT_RETAIN_SELF = YES;
				CLANG_WARN_OBJC_LITERAL_CONVERSION = YES;
				CLANG_WARN_OBJC_ROOT_CLASS = YES_ERROR;
				CLANG_WARN_QUOTED_INCLUDE_IN_FRAMEWORK_HEADER = YES;
				CLANG_WARN_RANGE_LOOP_ANALYSIS = YES;
				CLANG_WARN_STRICT_PROTOTYPES = YES;
				CLANG_WARN_SUSPICIOUS_MOVE = YES;
				CLANG_WARN_UNGUARDED_AVAILABILITY = YES_AGGRESSIVE;
				CLANG_WARN_UNREACHABLE_CODE = YES;
				CLANG_WARN__DUPLICATE_METHOD_MATCH = YES;
				COPY_PHASE_STRIP = NO;
				DEBUG_INFORMATION_FORMAT = "dwarf-with-dsym";
				ENABLE_NS_ASSERTIONS = NO;
				ENABLE_STRICT_OBJC_MSGSEND = YES;
				GCC_C_LANGUAGE_STANDARD = gnu11;
				GCC_NO_COMMON_BLOCKS = YES;
				GCC_WARN_64_TO_32_BIT_CONVERSION = YES;
				GCC_WARN_ABOUT_RETURN_TYPE = YES_ERROR;
				GCC_WARN_UNDECLARED_SELECTOR = YES;
				GCC_WARN_UNINITIALIZED_AUTOS = YES_AGGRESSIVE;
				GCC_WARN_UNUSED_FUNCTION = YES;
				GCC_WARN_UNUSED_VARIABLE = YES;
				IPHONEOS_DEPLOYMENT_TARGET = 15.0;
				MTL_ENABLE_DEBUG_INFO = NO;
				MTL_FAST_MATH = YES;
				SDKROOT = iphoneos;
				SWIFT_COMPILATION_MODE = wholemodule;
				SWIFT_OPTIMIZATION_LEVEL = "-O";
				VALIDATE_PRODUCT = YES;
			};
			name = Release;
		};
		767A852D270AF9F1003C7A43 /* Debug */ = {
			isa = XCBuildConfiguration;
			buildSettings = {
				ASSETCATALOG_COMPILER_APPICON_NAME = AppIcon;
				ASSETCATALOG_COMPILER_GLOBAL_ACCENT_COLOR_NAME = AccentColor;
				CODE_SIGN_STYLE = Automatic;
				CURRENT_PROJECT_VERSION = 1;
				GENERATE_INFOPLIST_FILE = YES;
				INFOPLIST_FILE = BearShop/Info.plist;
				INFOPLIST_KEY_UIApplicationSupportsIndirectInputEvents = YES;
				INFOPLIST_KEY_UILaunchStoryboardName = LaunchScreen;
				INFOPLIST_KEY_UIMainStoryboardFile = Main;
				INFOPLIST_KEY_UISupportedInterfaceOrientations_iPad = "UIInterfaceOrientationPortrait UIInterfaceOrientationPortraitUpsideDown UIInterfaceOrientationLandscapeLeft UIInterfaceOrientationLandscapeRight";
				INFOPLIST_KEY_UISupportedInterfaceOrientations_iPhone = "UIInterfaceOrientationPortrait UIInterfaceOrientationLandscapeLeft UIInterfaceOrientationLandscapeRight";
				LD_RUNPATH_SEARCH_PATHS = (
					"$(inherited)",
					"@executable_path/Frameworks",
				);
				MARKETING_VERSION = 1.0;
				PRODUCT_BUNDLE_IDENTIFIER = com.sushobhit.BearShop;
				PRODUCT_NAME = "$(TARGET_NAME)";
				SWIFT_EMIT_LOC_STRINGS = YES;
				SWIFT_VERSION = 5.0;
				TARGETED_DEVICE_FAMILY = "1,2";
			};
			name = Debug;
		};
		767A852E270AF9F1003C7A43 /* Release */ = {
			isa = XCBuildConfiguration;
			buildSettings = {
				ASSETCATALOG_COMPILER_APPICON_NAME = AppIcon;
				ASSETCATALOG_COMPILER_GLOBAL_ACCENT_COLOR_NAME = AccentColor;
				CODE_SIGN_STYLE = Automatic;
				CURRENT_PROJECT_VERSION = 1;
				GENERATE_INFOPLIST_FILE = YES;
				INFOPLIST_FILE = BearShop/Info.plist;
				INFOPLIST_KEY_UIApplicationSupportsIndirectInputEvents = YES;
				INFOPLIST_KEY_UILaunchStoryboardName = LaunchScreen;
				INFOPLIST_KEY_UIMainStoryboardFile = Main;
				INFOPLIST_KEY_UISupportedInterfaceOrientations_iPad = "UIInterfaceOrientationPortrait UIInterfaceOrientationPortraitUpsideDown UIInterfaceOrientationLandscapeLeft UIInterfaceOrientationLandscapeRight";
				INFOPLIST_KEY_UISupportedInterfaceOrientations_iPhone = "UIInterfaceOrientationPortrait UIInterfaceOrientationLandscapeLeft UIInterfaceOrientationLandscapeRight";
				LD_RUNPATH_SEARCH_PATHS = (
					"$(inherited)",
					"@executable_path/Frameworks",
				);
				MARKETING_VERSION = 1.0;
				PRODUCT_BUNDLE_IDENTIFIER = com.sushobhit.BearShop;
				PRODUCT_NAME = "$(TARGET_NAME)";
				SWIFT_EMIT_LOC_STRINGS = YES;
				SWIFT_VERSION = 5.0;
				TARGETED_DEVICE_FAMILY = "1,2";
			};
			name = Release;
		};
		767A8530270AF9F1003C7A43 /* Debug */ = {
			isa = XCBuildConfiguration;
			buildSettings = {
				ALWAYS_EMBED_SWIFT_STANDARD_LIBRARIES = YES;
				BUNDLE_LOADER = "$(TEST_HOST)";
				CODE_SIGN_STYLE = Automatic;
				CURRENT_PROJECT_VERSION = 1;
				GENERATE_INFOPLIST_FILE = YES;
				IPHONEOS_DEPLOYMENT_TARGET = 15.0;
				LD_RUNPATH_SEARCH_PATHS = (
					"$(inherited)",
					"@executable_path/Frameworks",
					"@loader_path/Frameworks",
				);
				MARKETING_VERSION = 1.0;
				PRODUCT_BUNDLE_IDENTIFIER = com.sushobhit.BearShopTests;
				PRODUCT_NAME = "$(TARGET_NAME)";
				SWIFT_EMIT_LOC_STRINGS = NO;
				SWIFT_VERSION = 5.0;
				TARGETED_DEVICE_FAMILY = "1,2";
				TEST_HOST = "$(BUILT_PRODUCTS_DIR)/BearShop.app/BearShop";
			};
			name = Debug;
		};
		767A8531270AF9F1003C7A43 /* Release */ = {
			isa = XCBuildConfiguration;
			buildSettings = {
				ALWAYS_EMBED_SWIFT_STANDARD_LIBRARIES = YES;
				BUNDLE_LOADER = "$(TEST_HOST)";
				CODE_SIGN_STYLE = Automatic;
				CURRENT_PROJECT_VERSION = 1;
				GENERATE_INFOPLIST_FILE = YES;
				IPHONEOS_DEPLOYMENT_TARGET = 15.0;
				LD_RUNPATH_SEARCH_PATHS = (
					"$(inherited)",
					"@executable_path/Frameworks",
					"@loader_path/Frameworks",
				);
				MARKETING_VERSION = 1.0;
				PRODUCT_BUNDLE_IDENTIFIER = com.sushobhit.BearShopTests;
				PRODUCT_NAME = "$(TARGET_NAME)";
				SWIFT_EMIT_LOC_STRINGS = NO;
				SWIFT_VERSION = 5.0;
				TARGETED_DEVICE_FAMILY = "1,2";
				TEST_HOST = "$(BUILT_PRODUCTS_DIR)/BearShop.app/BearShop";
			};
			name = Release;
		};
		767A8533270AF9F1003C7A43 /* Debug */ = {
			isa = XCBuildConfiguration;
			buildSettings = {
				ALWAYS_EMBED_SWIFT_STANDARD_LIBRARIES = YES;
				CODE_SIGN_STYLE = Automatic;
				CURRENT_PROJECT_VERSION = 1;
				GENERATE_INFOPLIST_FILE = YES;
				LD_RUNPATH_SEARCH_PATHS = (
					"$(inherited)",
					"@executable_path/Frameworks",
					"@loader_path/Frameworks",
				);
				MARKETING_VERSION = 1.0;
				PRODUCT_BUNDLE_IDENTIFIER = com.sushobhit.BearShopUITests;
				PRODUCT_NAME = "$(TARGET_NAME)";
				SWIFT_EMIT_LOC_STRINGS = NO;
				SWIFT_VERSION = 5.0;
				TARGETED_DEVICE_FAMILY = "1,2";
				TEST_TARGET_NAME = BearShop;
			};
			name = Debug;
		};
		767A8534270AF9F1003C7A43 /* Release */ = {
			isa = XCBuildConfiguration;
			buildSettings = {
				ALWAYS_EMBED_SWIFT_STANDARD_LIBRARIES = YES;
				CODE_SIGN_STYLE = Automatic;
				CURRENT_PROJECT_VERSION = 1;
				GENERATE_INFOPLIST_FILE = YES;
				LD_RUNPATH_SEARCH_PATHS = (
					"$(inherited)",
					"@executable_path/Frameworks",
					"@loader_path/Frameworks",
				);
				MARKETING_VERSION = 1.0;
				PRODUCT_BUNDLE_IDENTIFIER = com.sushobhit.BearShopUITests;
				PRODUCT_NAME = "$(TARGET_NAME)";
				SWIFT_EMIT_LOC_STRINGS = NO;
				SWIFT_VERSION = 5.0;
				TARGETED_DEVICE_FAMILY = "1,2";
				TEST_TARGET_NAME = BearShop;
			};
			name = Release;
		};
/* End XCBuildConfiguration section */

/* Begin XCConfigurationList section */
		767A84FD270AF9EE003C7A43 /* Build configuration list for PBXProject "BearShop" */ = {
			isa = XCConfigurationList;
			buildConfigurations = (
				767A852A270AF9F1003C7A43 /* Debug */,
				767A852B270AF9F1003C7A43 /* Release */,
			);
			defaultConfigurationIsVisible = 0;
			defaultConfigurationName = Release;
		};
		767A852C270AF9F1003C7A43 /* Build configuration list for PBXNativeTarget "BearShop" */ = {
			isa = XCConfigurationList;
			buildConfigurations = (
				767A852D270AF9F1003C7A43 /* Debug */,
				767A852E270AF9F1003C7A43 /* Release */,
			);
			defaultConfigurationIsVisible = 0;
			defaultConfigurationName = Release;
		};
		767A852F270AF9F1003C7A43 /* Build configuration list for PBXNativeTarget "BearShopTests" */ = {
			isa = XCConfigurationList;
			buildConfigurations = (
				767A8530270AF9F1003C7A43 /* Debug */,
				767A8531270AF9F1003C7A43 /* Release */,
			);
			defaultConfigurationIsVisible = 0;
			defaultConfigurationName = Release;
		};
		767A8532270AF9F1003C7A43 /* Build configuration list for PBXNativeTarget "BearShopUITests" */ = {
			isa = XCConfigurationList;
			buildConfigurations = (
				767A8533270AF9F1003C7A43 /* Debug */,
				767A8534270AF9F1003C7A43 /* Release */,
			);
			defaultConfigurationIsVisible = 0;
			defaultConfigurationName = Release;
		};
/* End XCConfigurationList section */
	};
	rootObject = 767A84FA270AF9EE003C7A43 /* Project object */;
}
